
Microsoft Visual Studio Solution File, Format Version 12.00
# Visual Studio Version 16
VisualStudioVersion = 16.0.30717.126
MinimumVisualStudioVersion = 10.0.40219.1
Project("{FAE04EC0-301F-11D3-BF4B-00C04F79EFBC}") = "Bot_Discord_CSharp", "Bot_Discord_CSharp\Bot_Discord_CSharp.csproj", "{644BDC0A-8F5D-44C7-A092-DFD762420943}"
EndProject
Global
	GlobalSection(SolutionConfigurationPlatforms) = preSolution
		Debug|Any CPU = Debug|Any CPU
		Release|Any CPU = Release|Any CPU
	EndGlobalSection
	GlobalSection(ProjectConfigurationPlatforms) = postSolution
		{644BDC0A-8F5D-44C7-A092-DFD762420943}.Debug|Any CPU.ActiveCfg = Debug|Any CPU
		{644BDC0A-8F5D-44C7-A092-DFD762420943}.Debug|Any CPU.Build.0 = Debug|Any CPU
		{644BDC0A-8F5D-44C7-A092-DFD762420943}.Release|Any CPU.ActiveCfg = Release|Any CPU
		{644BDC0A-8F5D-44C7-A092-DFD762420943}.Release|Any CPU.Build.0 = Release|Any CPU
	EndGlobalSection
	GlobalSection(SolutionProperties) = preSolution
		HideSolutionNode = FALSE
	EndGlobalSection
	GlobalSection(ExtensibilityGlobals) = postSolution
		SolutionGuid = {A6E38E62-98A2-4AE2-8C2F-6C4B88CB1A56}
	EndGlobalSection
EndGlobal
